
Microsoft Visual Studio Solution File, Format Version 12.00
# Visual Studio 15
VisualStudioVersion = 15.0.28307.960
MinimumVisualStudioVersion = 10.0.40219.1
Project("{F184B08F-C81C-45F6-A57F-5ABD9991F28F}") = "Example1", "Example1\Example1.vbproj", "{420AF082-E324-420A-8F62-D81D1447B6B9}"
EndProject
Project("{2150E333-8FDC-42A3-9474-1A3956D46DE8}") = "Solution Items", "Solution Items", "{DFF11108-1D43-4936-90AF-CC4BF112F6CE}"
	ProjectSection(SolutionItems) = preProject
		readme.md = readme.md
	EndProjectSection
EndProject
Project("{F184B08F-C81C-45F6-A57F-5ABD9991F28F}") = "Example2", "Example2\Example2.vbproj", "{BD0895E9-E034-4329-B317-8EFF7CB2A921}"
EndProject
Global
	GlobalSection(SolutionConfigurationPlatforms) = preSolution
		Debug|Any CPU = Debug|Any CPU
		Release|Any CPU = Release|Any CPU
	EndGlobalSection
	GlobalSection(ProjectConfigurationPlatforms) = postSolution
		{420AF082-E324-420A-8F62-D81D1447B6B9}.Debug|Any CPU.ActiveCfg = Debug|Any CPU
		{420AF082-E324-420A-8F62-D81D1447B6B9}.Debug|Any CPU.Build.0 = Debug|Any CPU
		{420AF082-E324-420A-8F62-D81D1447B6B9}.Release|Any CPU.ActiveCfg = Release|Any CPU
		{420AF082-E324-420A-8F62-D81D1447B6B9}.Release|Any CPU.Build.0 = Release|Any CPU
		{BD0895E9-E034-4329-B317-8EFF7CB2A921}.Debug|Any CPU.ActiveCfg = Debug|Any CPU
		{BD0895E9-E034-4329-B317-8EFF7CB2A921}.Debug|Any CPU.Build.0 = Debug|Any CPU
		{BD0895E9-E034-4329-B317-8EFF7CB2A921}.Release|Any CPU.ActiveCfg = Release|Any CPU
		{BD0895E9-E034-4329-B317-8EFF7CB2A921}.Release|Any CPU.Build.0 = Release|Any CPU
	EndGlobalSection
	GlobalSection(SolutionProperties) = preSolution
		HideSolutionNode = FALSE
	EndGlobalSection
	GlobalSection(ExtensibilityGlobals) = postSolution
		SolutionGuid = {DC71EBD4-29A4-451A-8EC8-E268AF3744FB}
	EndGlobalSection
EndGlobal
